# This file is automatically @generated by Cargo.
# It is not intended for manual editing.
version = 3

[[package]]
name = "aho-corasick"
version = "0.7.19"
source = "registry+https://github.com/rust-lang/crates.io-index"
checksum = "b4f55bd91a0978cbfd91c457a164bab8b4001c833b7f323132c0a4e1922dd44e"
dependencies = [
 "memchr",
]

[[package]]
name = "bitflags"
version = "1.3.2"
source = "registry+https://github.com/rust-lang/crates.io-index"
checksum = "bef38d45163c2f1dde094a7dfd33ccf595c92905c8f8f4fdc18d06fb1037718a"

[[package]]
name = "bitflags"
version = "2.10.0"
source = "registry+https://github.com/rust-lang/crates.io-index"
checksum = "812e12b5285cc515a9c72a5c1d3b6d46a19dac5acfef5265968c166106e31dd3"
dependencies = [
 "serde_core",
]

[[package]]
name = "block-buffer"
version = "0.10.3"
source = "registry+https://github.com/rust-lang/crates.io-index"
checksum = "69cce20737498f97b993470a6e536b8523f0af7892a4f928cceb1ac5e52ebe7e"
dependencies = [
 "generic-array",
]

[[package]]
name = "bstr"
version = "0.2.17"
source = "registry+https://github.com/rust-lang/crates.io-index"
checksum = "ba3569f383e8f1598449f1a423e72e99569137b47740b1da11ef19af3d5c3223"
dependencies = [
 "lazy_static",
 "memchr",
 "regex-automata 0.1.10",
 "serde",
]

[[package]]
name = "bstr"
version = "1.10.0"
source = "registry+https://github.com/rust-lang/crates.io-index"
checksum = "40723b8fb387abc38f4f4a37c09073622e41dd12327033091ef8950659e6dc0c"
dependencies = [
 "memchr",
 "regex-automata 0.4.7",
 "serde",
]

[[package]]
name = "camino"
version = "1.1.6"
source = "registry+https://github.com/rust-lang/crates.io-index"
checksum = "c59e92b5a388f549b863a7bea62612c09f24c8393560709a54558a9abdfb3b9c"
dependencies = [
 "serde",
]

[[package]]
name = "cargo-insta"
version = "1.44.1"
dependencies = [
 "cargo_metadata",
 "clap",
 "console",
 "ignore",
 "insta",
 "itertools",
 "open",
 "os_pipe",
 "proc-macro2",
 "rust-strings",
 "semver",
 "serde",
 "serde_json",
 "similar",
 "syn",
 "tempfile",
 "termcolor",
 "uuid",
 "walkdir",
]

[[package]]
name = "cargo-platform"
version = "0.1.3"
source = "registry+https://github.com/rust-lang/crates.io-index"
checksum = "2cfa25e60aea747ec7e1124f238816749faa93759c6ff5b31f1ccdda137f4479"
dependencies = [
 "serde",
]

[[package]]
name = "cargo_metadata"
version = "0.18.0"
source = "registry+https://github.com/rust-lang/crates.io-index"
checksum = "fb9ac64500cc83ce4b9f8dafa78186aa008c8dea77a09b94cd307fd0cd5022a8"
dependencies = [
 "camino",
 "cargo-platform",
 "semver",
 "serde",
 "serde_json",
 "thiserror",
]

[[package]]
name = "cc"
version = "1.0.79"
source = "registry+https://github.com/rust-lang/crates.io-index"
checksum = "50d30906286121d95be3d479533b458f87493b30a4b5f79a607db8f5d11aa91f"

[[package]]
name = "cfg-if"
version = "1.0.0"
source = "registry+https://github.com/rust-lang/crates.io-index"
checksum = "baf1de4339761588bc0619e3cbc0120ee582ebb74b53b4efbf79117bd2da40fd"

[[package]]
name = "clap"
version = "4.1.14"
source = "registry+https://github.com/rust-lang/crates.io-index"
checksum = "906f7fe1da4185b7a282b2bc90172a496f9def1aca4545fe7526810741591e14"
dependencies = [
 "clap_builder",
 "clap_derive",
 "once_cell",
]

[[package]]
name = "clap_builder"
version = "4.1.14"
source = "registry+https://github.com/rust-lang/crates.io-index"
checksum = "351f9ad9688141ed83dfd8f5fb998a06225ef444b48ff4dc43de6d409b7fd10b"
dependencies = [
 "bitflags 1.3.2",
 "clap_lex",
 "is-terminal",
 "strsim",
 "termcolor",
]

[[package]]
name = "clap_derive"
version = "4.1.14"
source = "registry+https://github.com/rust-lang/crates.io-index"
checksum = "81d7dc0031c3a59a04fc2ba395c8e2dd463cba1859275f065d225f6122221b45"
dependencies = [
 "heck",
 "proc-macro2",
 "quote",
 "syn",
]

[[package]]
name = "clap_lex"
version = "0.4.1"
source = "registry+https://github.com/rust-lang/crates.io-index"
checksum = "8a2dd5a6fe8c6e3502f568a6353e5273bbb15193ad9a89e457b9970798efbea1"

[[package]]
name = "console"
version = "0.15.4"
source = "registry+https://github.com/rust-lang/crates.io-index"
checksum = "c9b6515d269224923b26b5febea2ed42b2d5f2ce37284a4dd670fedd6cb8347a"
dependencies = [
 "encode_unicode",
 "lazy_static",
 "libc",
 "unicode-width",
 "windows-sys 0.42.0",
]

[[package]]
name = "cpufeatures"
version = "0.2.5"
source = "registry+https://github.com/rust-lang/crates.io-index"
checksum = "28d997bd5e24a5928dd43e46dc529867e207907fe0b239c3477d924f7f2ca320"
dependencies = [
 "libc",
]

[[package]]
name = "crossbeam-utils"
version = "0.8.11"
source = "registry+https://github.com/rust-lang/crates.io-index"
checksum = "51887d4adc7b564537b15adcfb307936f8075dfcd5f00dde9a9f1d29383682bc"
dependencies = [
 "cfg-if",
 "once_cell",
]

[[package]]
name = "crypto-common"
version = "0.1.6"
source = "registry+https://github.com/rust-lang/crates.io-index"
checksum = "1bfb12502f3fc46cca1bb51ac28df9d618d813cdc3d2f25b9fe775a34af26bb3"
dependencies = [
 "generic-array",
 "typenum",
]

[[package]]
name = "csv"
version = "1.1.6"
source = "registry+https://github.com/rust-lang/crates.io-index"
checksum = "22813a6dc45b335f9bade10bf7271dc477e81113e89eb251a0bc2a8a81c536e1"
dependencies = [
 "bstr 0.2.17",
 "csv-core",
 "itoa 0.4.8",
 "ryu",
 "serde",
]

[[package]]
name = "csv-core"
version = "0.1.11"
source = "registry+https://github.com/rust-lang/crates.io-index"
checksum = "5efa2b3d7902f4b634a20cae3c9c4e6209dc4779feb6863329607560143efa70"
dependencies = [
 "memchr",
]

[[package]]
name = "digest"
version = "0.10.7"
source = "registry+https://github.com/rust-lang/crates.io-index"
checksum = "9ed9a281f7bc9b7576e61468ba615a66a5c8cfdff42420a70aa82701a3b1e292"
dependencies = [
 "block-buffer",
 "crypto-common",
]

[[package]]
name = "either"
version = "1.13.0"
source = "registry+https://github.com/rust-lang/crates.io-index"
checksum = "60b1af1c220855b6ceac025d3f6ecdd2b7c4894bfe9cd9bda4fbb4bc7c0d4cf0"

[[package]]
name = "encode_unicode"
version = "0.3.6"
source = "registry+https://github.com/rust-lang/crates.io-index"
checksum = "a357d28ed41a50f9c765dbfe56cbc04a64e53e5fc58ba79fbc34c10ef3df831f"

[[package]]
name = "errno"
version = "0.3.1"
source = "registry+https://github.com/rust-lang/crates.io-index"
checksum = "4bcfec3a70f97c962c307b2d2c56e358cf1d00b558d74262b5f929ee8cc7e73a"
dependencies = [
 "errno-dragonfly",
 "libc",
 "windows-sys 0.48.0",
]

[[package]]
name = "errno-dragonfly"
version = "0.1.2"
source = "registry+https://github.com/rust-lang/crates.io-index"
checksum = "aa68f1b12764fab894d2755d2518754e71b4fd80ecfb822714a1206c2aab39bf"
dependencies = [
 "cc",
 "libc",
]

[[package]]
name = "fastrand"
version = "1.9.0"
source = "registry+https://github.com/rust-lang/crates.io-index"
checksum = "e51093e27b0797c359783294ca4f0a911c270184cb10f85783b118614a1501be"
dependencies = [
 "instant",
]

[[package]]
name = "fnv"
version = "1.0.7"
source = "registry+https://github.com/rust-lang/crates.io-index"
checksum = "3f9eec918d3f24069decb9af1554cad7c880e2da24a9afd88aca000531ab82c1"

[[package]]
name = "generic-array"
version = "0.14.6"
source = "registry+https://github.com/rust-lang/crates.io-index"
checksum = "bff49e947297f3312447abdca79f45f4738097cc82b06e72054d2223f601f1b9"
dependencies = [
 "typenum",
 "version_check",
]

[[package]]
name = "getrandom"
version = "0.2.7"
source = "registry+https://github.com/rust-lang/crates.io-index"
checksum = "4eb1a864a501629691edf6c15a593b7a51eebaa1e8468e9ddc623de7c9b58ec6"
dependencies = [
 "cfg-if",
 "libc",
 "wasi",
]

[[package]]
name = "globset"
version = "0.4.9"
source = "registry+https://github.com/rust-lang/crates.io-index"
checksum = "0a1e17342619edbc21a964c2afbeb6c820c6a2560032872f397bb97ea127bd0a"
dependencies = [
 "aho-corasick",
 "bstr 0.2.17",
 "fnv",
 "log",
 "regex",
]

[[package]]
name = "heck"
version = "0.4.1"
source = "registry+https://github.com/rust-lang/crates.io-index"
checksum = "95505c38b4572b2d910cecb0281560f54b440a19336cbbcb27bf6ce6adc6f5a8"

[[package]]
name = "hermit-abi"
version = "0.3.9"
source = "registry+https://github.com/rust-lang/crates.io-index"
checksum = "d231dfb89cfffdbc30e7fc41579ed6066ad03abda9e567ccafae602b97ec5024"

[[package]]
name = "ignore"
version = "0.4.18"
source = "registry+https://github.com/rust-lang/crates.io-index"
checksum = "713f1b139373f96a2e0ce3ac931cd01ee973c3c5dd7c40c0c2efe96ad2b6751d"
dependencies = [
 "crossbeam-utils",
 "globset",
 "lazy_static",
 "log",
 "memchr",
 "regex",
 "same-file",
 "thread_local",
 "walkdir",
 "winapi-util",
]

[[package]]
name = "insta"
version = "1.44.1"
dependencies = [
 "clap",
 "console",
 "csv",
 "globset",
 "once_cell",
 "pest",
 "pest_derive",
 "regex",
 "ron",
 "rustc_version",
 "serde",
 "similar",
 "similar-asserts",
 "toml",
 "walkdir",
]

[[package]]
name = "instant"
version = "0.1.12"
source = "registry+https://github.com/rust-lang/crates.io-index"
checksum = "7a5bbe824c507c5da5956355e86a746d82e0e1464f65d862cc5e71da70e94b2c"
dependencies = [
 "cfg-if",
]

[[package]]
name = "io-lifetimes"
version = "1.0.11"
source = "registry+https://github.com/rust-lang/crates.io-index"
checksum = "eae7b9aee968036d54dce06cebaefd919e4472e753296daccd6d344e3e2df0c2"
dependencies = [
 "hermit-abi",
 "libc",
 "windows-sys 0.48.0",
]

[[package]]
name = "is-docker"
version = "0.2.0"
source = "registry+https://github.com/rust-lang/crates.io-index"
checksum = "928bae27f42bc99b60d9ac7334e3a21d10ad8f1835a4e12ec3ec0464765ed1b3"
dependencies = [
 "once_cell",
]

[[package]]
name = "is-terminal"
version = "0.4.12"
source = "registry+https://github.com/rust-lang/crates.io-index"
checksum = "f23ff5ef2b80d608d61efee834934d862cd92461afc0560dedf493e4c033738b"
dependencies = [
 "hermit-abi",
 "libc",
 "windows-sys 0.52.0",
]

[[package]]
name = "is-wsl"
version = "0.4.0"
source = "registry+https://github.com/rust-lang/crates.io-index"
checksum = "173609498df190136aa7dea1a91db051746d339e18476eed5ca40521f02d7aa5"
dependencies = [
 "is-docker",
 "once_cell",
]

[[package]]
name = "itertools"
version = "0.10.5"
source = "registry+https://github.com/rust-lang/crates.io-index"
checksum = "b0fd2260e829bddf4cb6ea802289de2f86d6a7a690192fbe91b3f46e0f2c8473"
dependencies = [
 "either",
]

[[package]]
name = "itoa"
version = "0.4.8"
source = "registry+https://github.com/rust-lang/crates.io-index"
checksum = "b71991ff56294aa922b450139ee08b3bfc70982c6b2c7562771375cf73542dd4"

[[package]]
name = "itoa"
version = "1.0.3"
source = "registry+https://github.com/rust-lang/crates.io-index"
checksum = "6c8af84674fe1f223a982c933a0ee1086ac4d4052aa0fb8060c12c6ad838e754"

[[package]]
name = "lazy_static"
version = "1.4.0"
source = "registry+https://github.com/rust-lang/crates.io-index"
checksum = "e2abad23fbc42b3700f2f279844dc832adb2b2eb069b2df918f455c4e18cc646"

[[package]]
name = "libc"
version = "0.2.174"
source = "registry+https://github.com/rust-lang/crates.io-index"
checksum = "1171693293099992e19cddea4e8b849964e9846f4acee11b3948bcc337be8776"

[[package]]
name = "linux-raw-sys"
version = "0.3.8"
source = "registry+https://github.com/rust-lang/crates.io-index"
checksum = "ef53942eb7bf7ff43a617b3e2c1c4a5ecf5944a7c1bc12d7ee39bbb15e5c1519"

[[package]]
name = "log"
version = "0.4.17"
source = "registry+https://github.com/rust-lang/crates.io-index"
checksum = "abb12e687cfb44aa40f41fc3978ef76448f9b6038cad6aef4259d3c095a2382e"
dependencies = [
 "cfg-if",
]

[[package]]
name = "memchr"
version = "2.7.4"
source = "registry+https://github.com/rust-lang/crates.io-index"
checksum = "78ca9ab1a0babb1e7d5695e3530886289c18cf2f87ec19a575a0abdce112e3a3"

[[package]]
name = "once_cell"
version = "1.20.2"
source = "registry+https://github.com/rust-lang/crates.io-index"
checksum = "1261fe7e33c73b354eab43b1273a57c8f967d0391e80353e51f764ac02cf6775"

[[package]]
name = "open"
version = "5.3.0"
source = "registry+https://github.com/rust-lang/crates.io-index"
checksum = "61a877bf6abd716642a53ef1b89fb498923a4afca5c754f9050b4d081c05c4b3"
dependencies = [
 "is-wsl",
 "libc",
 "pathdiff",
]

[[package]]
name = "os_pipe"
version = "1.2.1"
source = "registry+https://github.com/rust-lang/crates.io-index"
checksum = "5ffd2b0a5634335b135d5728d84c5e0fd726954b87111f7506a61c502280d982"
dependencies = [
 "libc",
 "windows-sys 0.59.0",
]

[[package]]
name = "pathdiff"
version = "0.2.3"
source = "registry+https://github.com/rust-lang/crates.io-index"
checksum = "df94ce210e5bc13cb6651479fa48d14f601d9858cfe0467f43ae157023b938d3"

[[package]]
name = "pest"
version = "2.7.11"
source = "registry+https://github.com/rust-lang/crates.io-index"
checksum = "cd53dff83f26735fdc1ca837098ccf133605d794cdae66acfc2bfac3ec809d95"
dependencies = [
 "memchr",
 "thiserror",
 "ucd-trie",
]

[[package]]
name = "pest_derive"
version = "2.7.11"
source = "registry+https://github.com/rust-lang/crates.io-index"
checksum = "2a548d2beca6773b1c244554d36fcf8548a8a58e74156968211567250e48e49a"
dependencies = [
 "pest",
 "pest_generator",
]

[[package]]
name = "pest_generator"
version = "2.7.11"
source = "registry+https://github.com/rust-lang/crates.io-index"
checksum = "3c93a82e8d145725dcbaf44e5ea887c8a869efdcc28706df2d08c69e17077183"
dependencies = [
 "pest",
 "pest_meta",
 "proc-macro2",
 "quote",
 "syn",
]

[[package]]
name = "pest_meta"
version = "2.7.11"
source = "registry+https://github.com/rust-lang/crates.io-index"
checksum = "a941429fea7e08bedec25e4f6785b6ffaacc6b755da98df5ef3e7dcf4a124c4f"
dependencies = [
 "once_cell",
 "pest",
 "sha2",
]

[[package]]
name = "proc-macro2"
version = "1.0.94"
source = "registry+https://github.com/rust-lang/crates.io-index"
checksum = "a31971752e70b8b2686d7e46ec17fb38dad4051d94024c88df49b667caea9c84"
dependencies = [
 "unicode-ident",
]

[[package]]
name = "quote"
version = "1.0.36"
source = "registry+https://github.com/rust-lang/crates.io-index"
checksum = "0fa76aaf39101c457836aec0ce2316dbdc3ab723cdda1c6bd4e6ad4208acaca7"
dependencies = [
 "proc-macro2",
]

[[package]]
name = "redox_syscall"
version = "0.3.5"
source = "registry+https://github.com/rust-lang/crates.io-index"
checksum = "567664f262709473930a4bf9e51bf2ebf3348f2e748ccc50dea20646858f8f29"
dependencies = [
 "bitflags 1.3.2",
]

[[package]]
name = "regex"
version = "1.6.0"
source = "registry+https://github.com/rust-lang/crates.io-index"
checksum = "4c4eb3267174b8c6c2f654116623910a0fef09c4753f8dd83db29c48a0df988b"
dependencies = [
 "aho-corasick",
 "memchr",
 "regex-syntax",
]

[[package]]
name = "regex-automata"
version = "0.1.10"
source = "registry+https://github.com/rust-lang/crates.io-index"
checksum = "6c230d73fb8d8c1b9c0b3135c5142a8acee3a0558fb8db5cf1cb65f8d7862132"

[[package]]
name = "regex-automata"
version = "0.4.7"
source = "registry+https://github.com/rust-lang/crates.io-index"
checksum = "38caf58cc5ef2fed281f89292ef23f6365465ed9a41b7a7754eb4e26496c92df"

[[package]]
name = "regex-syntax"
version = "0.6.27"
source = "registry+https://github.com/rust-lang/crates.io-index"
checksum = "a3f87b73ce11b1619a3c6332f45341e0047173771e8b8b73f87bfeefb7b56244"

[[package]]
name = "ron"
version = "0.12.0"
source = "registry+https://github.com/rust-lang/crates.io-index"
checksum = "fd490c5b18261893f14449cbd28cb9c0b637aebf161cd77900bfdedaff21ec32"
dependencies = [
 "bitflags 2.10.0",
 "once_cell",
 "serde",
 "serde_derive",
 "typeid",
 "unicode-ident",
]

[[package]]
name = "rust-strings"
version = "0.6.0"
source = "registry+https://github.com/rust-lang/crates.io-index"
checksum = "d17559aaea24b0a7e99482f82273ea3177cea900dcdf78ebef7eef05dfda1476"

[[package]]
name = "rustc_version"
version = "0.4.0"
source = "registry+https://github.com/rust-lang/crates.io-index"
checksum = "bfa0f585226d2e68097d4f95d113b15b83a82e819ab25717ec0590d9584ef366"
dependencies = [
 "semver",
]

[[package]]
name = "rustix"
version = "0.37.27"
source = "registry+https://github.com/rust-lang/crates.io-index"
checksum = "fea8ca367a3a01fe35e6943c400addf443c0f57670e6ec51196f71a4b8762dd2"
dependencies = [
 "bitflags 1.3.2",
 "errno",
 "io-lifetimes",
 "libc",
 "linux-raw-sys",
 "windows-sys 0.48.0",
]

[[package]]
name = "ryu"
version = "1.0.11"
source = "registry+https://github.com/rust-lang/crates.io-index"
checksum = "4501abdff3ae82a1c1b477a17252eb69cee9e66eb915c1abaa4f44d873df9f09"

[[package]]
name = "same-file"
version = "1.0.6"
source = "registry+https://github.com/rust-lang/crates.io-index"
checksum = "93fc1dc3aaa9bfed95e02e6eadabb4baf7e3078b0bd1b4d7b6b0b68378900502"
dependencies = [
 "winapi-util",
]

[[package]]
name = "semver"
version = "1.0.19"
source = "registry+https://github.com/rust-lang/crates.io-index"
checksum = "ad977052201c6de01a8ef2aa3378c4bd23217a056337d1d6da40468d267a4fb0"
dependencies = [
 "serde",
]

[[package]]
name = "serde"
version = "1.0.228"
source = "registry+https://github.com/rust-lang/crates.io-index"
checksum = "9a8e94ea7f378bd32cbbd37198a4a91436180c5bb472411e48b5ec2e2124ae9e"
dependencies = [
 "serde_core",
 "serde_derive",
]

[[package]]
name = "serde_core"
version = "1.0.228"
source = "registry+https://github.com/rust-lang/crates.io-index"
checksum = "41d385c7d4ca58e59fc732af25c3983b67ac852c1a25000afe1175de458b67ad"
dependencies = [
 "serde_derive",
]

[[package]]
name = "serde_derive"
version = "1.0.228"
source = "registry+https://github.com/rust-lang/crates.io-index"
checksum = "d540f220d3187173da220f885ab66608367b6574e925011a9353e4badda91d79"
dependencies = [
 "proc-macro2",
 "quote",
 "syn",
]

[[package]]
name = "serde_json"
version = "1.0.85"
source = "registry+https://github.com/rust-lang/crates.io-index"
checksum = "e55a28e3aaef9d5ce0506d0a14dbba8054ddc7e499ef522dd8b26859ec9d4a44"
dependencies = [
 "itoa 1.0.3",
 "ryu",
 "serde",
]

[[package]]
name = "sha2"
version = "0.10.8"
source = "registry+https://github.com/rust-lang/crates.io-index"
checksum = "793db75ad2bcafc3ffa7c68b215fee268f537982cd901d132f89c6343f3a3dc8"
dependencies = [
 "cfg-if",
 "cpufeatures",
 "digest",
]

[[package]]
name = "similar"
version = "2.6.0"
source = "registry+https://github.com/rust-lang/crates.io-index"
checksum = "1de1d4f81173b03af4c0cbed3c898f6bff5b870e4a7f5d6f4057d62a7a4b686e"
dependencies = [
 "bstr 1.10.0",
 "unicode-segmentation",
]

[[package]]
name = "similar-asserts"
version = "1.5.0"
source = "registry+https://github.com/rust-lang/crates.io-index"
checksum = "e041bb827d1bfca18f213411d51b665309f1afb37a04a5d1464530e13779fc0f"
dependencies = [
 "console",
 "similar",
]

[[package]]
name = "strsim"
version = "0.10.0"
source = "registry+https://github.com/rust-lang/crates.io-index"
checksum = "73473c0e59e6d5812c5dfe2a064a6444949f089e20eec9a2e5506596494e4623"

[[package]]
name = "syn"
version = "2.0.100"
source = "registry+https://github.com/rust-lang/crates.io-index"
checksum = "b09a44accad81e1ba1cd74a32461ba89dee89095ba17b32f5d03683b1b1fc2a0"
dependencies = [
 "proc-macro2",
 "quote",
 "unicode-ident",
]

[[package]]
name = "tempfile"
version = "3.5.0"
source = "registry+https://github.com/rust-lang/crates.io-index"
checksum = "b9fbec84f381d5795b08656e4912bec604d162bff9291d6189a78f4c8ab87998"
dependencies = [
 "cfg-if",
 "fastrand",
 "redox_syscall",
 "rustix",
 "windows-sys 0.45.0",
]

[[package]]
name = "termcolor"
version = "1.4.1"
source = "registry+https://github.com/rust-lang/crates.io-index"
checksum = "06794f8f6c5c898b3275aebefa6b8a1cb24cd2c6c79397ab15774837a0bc5755"
dependencies = [
 "winapi-util",
]

[[package]]
name = "thiserror"
version = "1.0.40"
source = "registry+https://github.com/rust-lang/crates.io-index"
checksum = "978c9a314bd8dc99be594bc3c175faaa9794be04a5a5e153caba6915336cebac"
dependencies = [
 "thiserror-impl",
]

[[package]]
name = "thiserror-impl"
version = "1.0.40"
source = "registry+https://github.com/rust-lang/crates.io-index"
checksum = "f9456a42c5b0d803c8cd86e73dd7cc9edd429499f37a3550d286d5e86720569f"
dependencies = [
 "proc-macro2",
 "quote",
 "syn",
]

[[package]]
name = "thread_local"
version = "1.1.4"
source = "registry+https://github.com/rust-lang/crates.io-index"
checksum = "5516c27b78311c50bf42c071425c560ac799b11c30b31f87e3081965fe5e0180"
dependencies = [
 "once_cell",
]

[[package]]
name = "toml"
version = "0.5.11"
source = "registry+https://github.com/rust-lang/crates.io-index"
checksum = "f4f7f0dd8d50a853a531c426359045b1998f04219d88799810762cd4ad314234"
dependencies = [
 "serde",
]

[[package]]
name = "typeid"
version = "1.0.3"
source = "registry+https://github.com/rust-lang/crates.io-index"
checksum = "bc7d623258602320d5c55d1bc22793b57daff0ec7efc270ea7d55ce1d5f5471c"

[[package]]
name = "typenum"
version = "1.15.0"
source = "registry+https://github.com/rust-lang/crates.io-index"
checksum = "dcf81ac59edc17cc8697ff311e8f5ef2d99fcbd9817b34cec66f90b6c3dfd987"

[[package]]
name = "ucd-trie"
version = "0.1.5"
source = "registry+https://github.com/rust-lang/crates.io-index"
checksum = "9e79c4d996edb816c91e4308506774452e55e95c3c9de07b6729e17e15a5ef81"

[[package]]
name = "unicode-ident"
version = "1.0.4"
source = "registry+https://github.com/rust-lang/crates.io-index"
checksum = "dcc811dc4066ac62f84f11307873c4850cb653bfa9b1719cee2bd2204a4bc5dd"

[[package]]
name = "unicode-segmentation"
version = "1.10.0"
source = "registry+https://github.com/rust-lang/crates.io-index"
checksum = "0fdbf052a0783de01e944a6ce7a8cb939e295b1e7be835a1112c3b9a7f047a5a"

[[package]]
name = "unicode-width"
version = "0.1.10"
source = "registry+https://github.com/rust-lang/crates.io-index"
checksum = "c0edd1e5b14653f783770bce4a4dabb4a5108a5370a5f5d8cfe8710c361f6c8b"

[[package]]
name = "uuid"
version = "1.1.2"
source = "registry+https://github.com/rust-lang/crates.io-index"
checksum = "dd6469f4314d5f1ffec476e05f17cc9a78bc7a27a6a857842170bdf8d6f98d2f"
dependencies = [
 "getrandom",
]

[[package]]
name = "version_check"
version = "0.9.4"
source = "registry+https://github.com/rust-lang/crates.io-index"
checksum = "49874b5167b65d7193b8aba1567f5c7d93d001cafc34600cee003eda787e483f"

[[package]]
name = "walkdir"
version = "2.3.2"
source = "registry+https://github.com/rust-lang/crates.io-index"
checksum = "808cf2735cd4b6866113f648b791c6adc5714537bc222d9347bb203386ffda56"
dependencies = [
 "same-file",
 "winapi",
 "winapi-util",
]

[[package]]
name = "wasi"
version = "0.11.0+wasi-snapshot-preview1"
source = "registry+https://github.com/rust-lang/crates.io-index"
checksum = "9c8d87e72b64a3b4db28d11ce29237c246188f4f51057d65a7eab63b7987e423"

[[package]]
name = "winapi"
version = "0.3.9"
source = "registry+https://github.com/rust-lang/crates.io-index"
checksum = "5c839a674fcd7a98952e593242ea400abe93992746761e38641405d28b00f419"
dependencies = [
 "winapi-i686-pc-windows-gnu",
 "winapi-x86_64-pc-windows-gnu",
]

[[package]]
name = "winapi-i686-pc-windows-gnu"
version = "0.4.0"
source = "registry+https://github.com/rust-lang/crates.io-index"
checksum = "ac3b87c63620426dd9b991e5ce0329eff545bccbbb34f3be09ff6fb6ab51b7b6"

[[package]]
name = "winapi-util"
version = "0.1.5"
source = "registry+https://github.com/rust-lang/crates.io-index"
checksum = "70ec6ce85bb158151cae5e5c87f95a8e97d2c0c4b001223f33a334e3ce5de178"
dependencies = [
 "winapi",
]

[[package]]
name = "winapi-x86_64-pc-windows-gnu"
version = "0.4.0"
source = "registry+https://github.com/rust-lang/crates.io-index"
checksum = "712e227841d057c1ee1cd2fb22fa7e5a5461ae8e48fa2ca79ec42cfc1931183f"

[[package]]
name = "windows-sys"
version = "0.42.0"
source = "registry+https://github.com/rust-lang/crates.io-index"
checksum = "5a3e1820f08b8513f676f7ab6c1f99ff312fb97b553d30ff4dd86f9f15728aa7"
dependencies = [
 "windows_aarch64_gnullvm 0.42.2",
 "windows_aarch64_msvc 0.42.2",
 "windows_i686_gnu 0.42.2",
 "windows_i686_msvc 0.42.2",
 "windows_x86_64_gnu 0.42.2",
 "windows_x86_64_gnullvm 0.42.2",
 "windows_x86_64_msvc 0.42.2",
]

[[package]]
name = "windows-sys"
version = "0.45.0"
source = "registry+https://github.com/rust-lang/crates.io-index"
checksum = "75283be5efb2831d37ea142365f009c02ec203cd29a3ebecbc093d52315b66d0"
dependencies = [
 "windows-targets 0.42.2",
]

[[package]]
name = "windows-sys"
version = "0.48.0"
source = "registry+https://github.com/rust-lang/crates.io-index"
checksum = "677d2418bec65e3338edb076e806bc1ec15693c5d0104683f2efe857f61056a9"
dependencies = [
 "windows-targets 0.48.0",
]

[[package]]
name = "windows-sys"
version = "0.52.0"
source = "registry+https://github.com/rust-lang/crates.io-index"
checksum = "282be5f36a8ce781fad8c8ae18fa3f9beff57ec1b52cb3de0789201425d9a33d"
dependencies = [
 "windows-targets 0.52.6",
]

[[package]]
name = "windows-sys"
version = "0.59.0"
source = "registry+https://github.com/rust-lang/crates.io-index"
checksum = "1e38bc4d79ed67fd075bcc251a1c39b32a1776bbe92e5bef1f0bf1f8c531853b"
dependencies = [
 "windows-targets 0.52.6",
]

[[package]]
name = "windows-targets"
version = "0.42.2"
source = "registry+https://github.com/rust-lang/crates.io-index"
checksum = "8e5180c00cd44c9b1c88adb3693291f1cd93605ded80c250a75d472756b4d071"
dependencies = [
 "windows_aarch64_gnullvm 0.42.2",
 "windows_aarch64_msvc 0.42.2",
 "windows_i686_gnu 0.42.2",
 "windows_i686_msvc 0.42.2",
 "windows_x86_64_gnu 0.42.2",
 "windows_x86_64_gnullvm 0.42.2",
 "windows_x86_64_msvc 0.42.2",
]

[[package]]
name = "windows-targets"
version = "0.48.0"
source = "registry+https://github.com/rust-lang/crates.io-index"
checksum = "7b1eb6f0cd7c80c79759c929114ef071b87354ce476d9d94271031c0497adfd5"
dependencies = [
 "windows_aarch64_gnullvm 0.48.0",
 "windows_aarch64_msvc 0.48.0",
 "windows_i686_gnu 0.48.0",
 "windows_i686_msvc 0.48.0",
 "windows_x86_64_gnu 0.48.0",
 "windows_x86_64_gnullvm 0.48.0",
 "windows_x86_64_msvc 0.48.0",
]

[[package]]
name = "windows-targets"
version = "0.52.6"
source = "registry+https://github.com/rust-lang/crates.io-index"
checksum = "9b724f72796e036ab90c1021d4780d4d3d648aca59e491e6b98e725b84e99973"
dependencies = [
 "windows_aarch64_gnullvm 0.52.6",
 "windows_aarch64_msvc 0.52.6",
 "windows_i686_gnu 0.52.6",
 "windows_i686_gnullvm",
 "windows_i686_msvc 0.52.6",
 "windows_x86_64_gnu 0.52.6",
 "windows_x86_64_gnullvm 0.52.6",
 "windows_x86_64_msvc 0.52.6",
]

[[package]]
name = "windows_aarch64_gnullvm"
version = "0.42.2"
source = "registry+https://github.com/rust-lang/crates.io-index"
checksum = "597a5118570b68bc08d8d59125332c54f1ba9d9adeedeef5b99b02ba2b0698f8"

[[package]]
name = "windows_aarch64_gnullvm"
version = "0.48.0"
source = "registry+https://github.com/rust-lang/crates.io-index"
checksum = "91ae572e1b79dba883e0d315474df7305d12f569b400fcf90581b06062f7e1bc"

[[package]]
name = "windows_aarch64_gnullvm"
version = "0.52.6"
source = "registry+https://github.com/rust-lang/crates.io-index"
checksum = "32a4622180e7a0ec044bb555404c800bc9fd9ec262ec147edd5989ccd0c02cd3"

[[package]]
name = "windows_aarch64_msvc"
version = "0.42.2"
source = "registry+https://github.com/rust-lang/crates.io-index"
checksum = "e08e8864a60f06ef0d0ff4ba04124db8b0fb3be5776a5cd47641e942e58c4d43"

[[package]]
name = "windows_aarch64_msvc"
version = "0.48.0"
source = "registry+https://github.com/rust-lang/crates.io-index"
checksum = "b2ef27e0d7bdfcfc7b868b317c1d32c641a6fe4629c171b8928c7b08d98d7cf3"

[[package]]
name = "windows_aarch64_msvc"
version = "0.52.6"
source = "registry+https://github.com/rust-lang/crates.io-index"
checksum = "09ec2a7bb152e2252b53fa7803150007879548bc709c039df7627cabbd05d469"

[[package]]
name = "windows_i686_gnu"
version = "0.42.2"
source = "registry+https://github.com/rust-lang/crates.io-index"
checksum = "c61d927d8da41da96a81f029489353e68739737d3beca43145c8afec9a31a84f"

[[package]]
name = "windows_i686_gnu"
version = "0.48.0"
source = "registry+https://github.com/rust-lang/crates.io-index"
checksum = "622a1962a7db830d6fd0a69683c80a18fda201879f0f447f065a3b7467daa241"

[[package]]
name = "windows_i686_gnu"
version = "0.52.6"
source = "registry+https://github.com/rust-lang/crates.io-index"
checksum = "8e9b5ad5ab802e97eb8e295ac6720e509ee4c243f69d781394014ebfe8bbfa0b"

[[package]]
name = "windows_i686_gnullvm"
version = "0.52.6"
source = "registry+https://github.com/rust-lang/crates.io-index"
checksum = "0eee52d38c090b3caa76c563b86c3a4bd71ef1a819287c19d586d7334ae8ed66"

[[package]]
name = "windows_i686_msvc"
version = "0.42.2"
source = "registry+https://github.com/rust-lang/crates.io-index"
checksum = "44d840b6ec649f480a41c8d80f9c65108b92d89345dd94027bfe06ac444d1060"

[[package]]
name = "windows_i686_msvc"
version = "0.48.0"
source = "registry+https://github.com/rust-lang/crates.io-index"
checksum = "4542c6e364ce21bf45d69fdd2a8e455fa38d316158cfd43b3ac1c5b1b19f8e00"

[[package]]
name = "windows_i686_msvc"
version = "0.52.6"
source = "registry+https://github.com/rust-lang/crates.io-index"
checksum = "240948bc05c5e7c6dabba28bf89d89ffce3e303022809e73deaefe4f6ec56c66"

[[package]]
name = "windows_x86_64_gnu"
version = "0.42.2"
source = "registry+https://github.com/rust-lang/crates.io-index"
checksum = "8de912b8b8feb55c064867cf047dda097f92d51efad5b491dfb98f6bbb70cb36"

[[package]]
name = "windows_x86_64_gnu"
version = "0.48.0"
source = "registry+https://github.com/rust-lang/crates.io-index"
checksum = "ca2b8a661f7628cbd23440e50b05d705db3686f894fc9580820623656af974b1"

[[package]]
name = "windows_x86_64_gnu"
version = "0.52.6"
source = "registry+https://github.com/rust-lang/crates.io-index"
checksum = "147a5c80aabfbf0c7d901cb5895d1de30ef2907eb21fbbab29ca94c5b08b1a78"

[[package]]
name = "windows_x86_64_gnullvm"
version = "0.42.2"
source = "registry+https://github.com/rust-lang/crates.io-index"
checksum = "26d41b46a36d453748aedef1486d5c7a85db22e56aff34643984ea85514e94a3"

[[package]]
name = "windows_x86_64_gnullvm"
version = "0.48.0"
source = "registry+https://github.com/rust-lang/crates.io-index"
checksum = "7896dbc1f41e08872e9d5e8f8baa8fdd2677f29468c4e156210174edc7f7b953"

[[package]]
name = "windows_x86_64_gnullvm"
version = "0.52.6"
source = "registry+https://github.com/rust-lang/crates.io-index"
checksum = "24d5b23dc417412679681396f2b49f3de8c1473deb516bd34410872eff51ed0d"

[[package]]
name = "windows_x86_64_msvc"
version = "0.42.2"
source = "registry+https://github.com/rust-lang/crates.io-index"
checksum = "9aec5da331524158c6d1a4ac0ab1541149c0b9505fde06423b02f5ef0106b9f0"

[[package]]
name = "windows_x86_64_msvc"
version = "0.48.0"
source = "registry+https://github.com/rust-lang/crates.io-index"
checksum = "1a515f5799fe4961cb532f983ce2b23082366b898e52ffbce459c86f67c8378a"

[[package]]
name = "windows_x86_64_msvc"
version = "0.52.6"
source = "registry+https://github.com/rust-lang/crates.io-index"
checksum = "589f6da84c646204747d1270a2a5661ea66ed1cced2631d546fdfb155959f9ec"
